{
    "_readme": [
        "This file locks the dependencies of your project to a known state",
        "Read more about it at https://getcomposer.org/doc/01-basic-usage.md#installing-dependencies",
        "This file is @generated automatically"
    ],
    "content-hash": "b33b221097bc1e568091d18b5045bf0c",
    "packages": [
        {
            "name": "eastoriented/php-block",
            "version": "dev-master",
            "source": {
                "type": "git",
                "url": "https://github.com/eastoriented/php-block.git",
                "reference": "f5ca7fbfc4d233f4bd4eaf484cbfe5d2be6bd5f6"
            },
            "dist": {
                "type": "zip",
                "url": "https://api.github.com/repos/eastoriented/php-block/zipball/f5ca7fbfc4d233f4bd4eaf484cbfe5d2be6bd5f6",
                "reference": "f5ca7fbfc4d233f4bd4eaf484cbfe5d2be6bd5f6",
                "shasum": ""
            },
            "require-dev": {
                "atoum/atoum": "^3",
                "eastoriented/library": "dev-master"
            },
            "type": "library",
            "autoload": {
                "psr-4": {
                    "eastoriented\\php\\": "src/"
                }
            },
            "notification-url": "https://packagist.org/downloads/",
            "license": [
                "BSD-2-Clause"
            ],
            "authors": [
                {
                    "name": "Frédéric Hardy",
                    "email": "frederic.hardy@mageekbox.net"
                }
            ],
            "description": "A PHP library to emulate Smalltalk block",
            "time": "2019-10-30T09:41:32+00:00"
        },
        {
            "name": "eastoriented/php-container",
            "version": "dev-master",
            "source": {
                "type": "git",
                "url": "https://github.com/eastoriented/php-container.git",
                "reference": "fae7ce9c10f0df6107494b87cb373313faf8a80b"
            },
            "dist": {
                "type": "zip",
                "url": "https://api.github.com/repos/eastoriented/php-container/zipball/fae7ce9c10f0df6107494b87cb373313faf8a80b",
                "reference": "fae7ce9c10f0df6107494b87cb373313faf8a80b",
                "shasum": ""
            },
            "require": {
                "eastoriented/php-block": "dev-master"
            },
            "require-dev": {
                "atoum/atoum": "^3",
                "eastoriented/library": "dev-master"
            },
            "type": "library",
            "autoload": {
                "psr-4": {
                    "eastoriented\\php\\": "src/"
                }
            },
            "notification-url": "https://packagist.org/downloads/",
            "license": [
                "BSD-2-Clause"
            ],
            "authors": [
                {
                    "name": "Frédéric Hardy",
                    "email": "frederic.hardy@mageekbox.net"
                }
            ],
            "description": "A PHP library to iterate over values in container",
            "time": "2019-10-30T09:48:46+00:00"
        }
    ],
    "packages-dev": [
        {
            "name": "atoum/atoum",
            "version": "dev-master",
            "source": {
                "type": "git",
                "url": "https://github.com/atoum/atoum.git",
                "reference": "b6c93433a7b0b92b54c2bb9b0731d71ddc03b365"
            },
            "dist": {
                "type": "zip",
                "url": "https://api.github.com/repos/atoum/atoum/zipball/b6c93433a7b0b92b54c2bb9b0731d71ddc03b365",
                "reference": "b6c93433a7b0b92b54c2bb9b0731d71ddc03b365",
                "shasum": ""
            },
            "require": {
                "ext-hash": "*",
                "ext-json": "*",
                "ext-tokenizer": "*",
                "ext-xml": "*",
                "php": "^5.6.0 || ^7.0.0 <7.5.0"
            },
            "replace": {
                "mageekguy/atoum": "*"
            },
            "require-dev": {
                "friendsofphp/php-cs-fixer": "^2"
            },
            "suggest": {
                "atoum/stubs": "Provides IDE support (like autocompletion) for atoum",
                "ext-mbstring": "Provides support for UTF-8 strings",
                "ext-xdebug": "Provides code coverage report (>= 2.3)"
            },
            "bin": [
                "bin/atoum"
            ],
            "type": "library",
            "extra": {
                "branch-alias": {
                    "dev-master": "3.x-dev"
                }
            },
            "autoload": {
                "classmap": [
                    "classes/"
                ]
            },
            "notification-url": "https://packagist.org/downloads/",
            "license": [
                "BSD-3-Clause"
            ],
            "authors": [
                {
                    "name": "Frédéric Hardy",
                    "email": "frederic.hardy@atoum.org",
                    "homepage": "http://blog.mageekbox.net"
                },
                {
                    "name": "François Dussert",
                    "email": "francois.dussert@atoum.org"
                },
                {
                    "name": "Gérald Croes",
                    "email": "gerald.croes@atoum.org"
                },
                {
                    "name": "Julien Bianchi",
                    "email": "julien.bianchi@atoum.org"
                },
                {
                    "name": "Ludovic Fleury",
                    "email": "ludovic.fleury@atoum.org"
                }
            ],
            "description": "Simple modern and intuitive unit testing framework for PHP 5.3+",
            "homepage": "http://www.atoum.org",
            "keywords": [
                "TDD",
                "atoum",
                "test",
                "unit testing"
            ],
            "time": "2019-10-04T19:45:12+00:00"
        },
        {
            "name": "eastoriented/library",
            "version": "dev-master",
            "source": {
                "type": "git",
                "url": "https://github.com/eastoriented/library.git",
                "reference": "29a1c281c77c20c539e4df5707b8fd33ca81818f"
            },
            "dist": {
                "type": "zip",
                "url": "https://api.github.com/repos/eastoriented/library/zipball/29a1c281c77c20c539e4df5707b8fd33ca81818f",
                "reference": "29a1c281c77c20c539e4df5707b8fd33ca81818f",
                "shasum": ""
            },
            "bin": [
                "resources/bin/eastoriented-library"
            ],
            "type": "project",
            "notification-url": "https://packagist.org/downloads/",
            "license": [
                "BSD-2-Clause"
            ],
            "authors": [
                {
                    "name": "Frédéric Hardy",
                    "email": "frederic.hardy@mageekbox.net"
                }
            ],
            "description": "A blueprint to setup a develoment environment for library with docker",
            "time": "2019-10-04T10:24:14+00:00"
        }
    ],
    "aliases": [],
    "minimum-stability": "dev",
    "stability-flags": {
        "eastoriented/php-block": 20,
        "eastoriented/php-container": 20,
        "eastoriented/library": 20
    },
    "prefer-stable": false,
    "prefer-lowest": false,
    "platform": [],
    "platform-dev": []
}
